dependencies:
  idf:
    source:
      type: idf
    version: 5.3.1
  joltwallet/littlefs:
    component_hash: be04a70c801b329c2cae22a27a567614edca39eb02bf42b48600c12986b5ba90
    dependencies:
    - name: idf
      require: private
      version: '>=4.3'
    source:
      registry_url: https://components.espressif.com/
      type: service
    version: 1.16.3
direct_dependencies:
- idf
- joltwallet/littlefs
manifest_hash: 6cdf8fc314c7627c2870387aa40c305d1e32dfce91a9a825dd44176a82ba7d41
target: esp32c3
version: 2.0.0
